# THIS IS AN AUTOGENERATED FILE. DO NOT EDIT THIS FILE DIRECTLY.
# yarn lockfile v1


"@babel/runtime@^7.1.2":
  version "7.14.6"
  resolved "https://r.cnpmjs.org/@babel/runtime/download/@babel/runtime-7.14.6.tgz#535203bc0892efc7dec60bdc27b2ecf6e409062d"
  integrity sha1-U1IDvAiS78fexgvcJ7Ls9uQJBi0=
  dependencies:
    regenerator-runtime "^0.13.4"

decode-uri-component@^0.2.0:
  version "0.2.0"
  resolved "https://r.cnpmjs.org/decode-uri-component/download/decode-uri-component-0.2.0.tgz#eb3913333458775cb84cd1a1fae062106bb87545"
  integrity sha1-6zkTMzRYd1y4TNGh+uBiEGu4dUU=

filter-obj@^1.1.0:
  version "1.1.0"
  resolved "https://r.cnpmjs.org/filter-obj/download/filter-obj-1.1.0.tgz#9b311112bc6c6127a16e016c6c5d7f19e0805c5b"
  integrity sha1-mzERErxsYSehbgFsbF1/GeCAXFs=

fsevents@~2.3.2:
  version "2.3.2"
  resolved "https://r.cnpmjs.org/fsevents/download/fsevents-2.3.2.tgz#8a526f78b8fdf4623b709e0b975c52c24c02fd1a"
  integrity sha1-ilJveLj99GI7cJ4Ll1xSwkwC/Ro=

history-with-query@^4.10.4:
  version "4.10.4"
  resolved "https://r.cnpmjs.org/history-with-query/download/history-with-query-4.10.4.tgz#8161ff3c5044e29dfaeb73e7587eb3d4c1a8090e"
  integrity sha1-gWH/PFBE4p3663PnWH6z1MGoCQ4=
  dependencies:
    "@babel/runtime" "^7.1.2"
    loose-envify "^1.2.0"
    query-string "^6.11.0"
    resolve-pathname "^3.0.0"
    tiny-invariant "^1.0.2"
    tiny-warning "^1.0.0"
    value-equal "^1.0.1"

"js-tokens@^3.0.0 || ^4.0.0":
  version "4.0.0"
  resolved "https://r.cnpmjs.org/js-tokens/download/js-tokens-4.0.0.tgz#19203fb59991df98e3a287050d4647cdeaf32499"
  integrity sha1-GSA/tZmR35jjoocFDUZHzerzJJk=

loose-envify@^1.2.0:
  version "1.4.0"
  resolved "https://r.cnpmjs.org/loose-envify/download/loose-envify-1.4.0.tgz#71ee51fa7be4caec1a63839f7e682d8132d30caf"
  integrity sha1-ce5R+nvkyuwaY4OffmgtgTLTDK8=
  dependencies:
    js-tokens "^3.0.0 || ^4.0.0"

mustache@^4.2.0:
  version "4.2.0"
  resolved "https://r.cnpmjs.org/mustache/download/mustache-4.2.0.tgz#e5892324d60a12ec9c2a73359edca52972bf6f64"
  integrity sha1-5YkjJNYKEuycKnM1ntylKXK/b2Q=

query-string@^6.11.0:
  version "6.14.1"
  resolved "https://r.cnpmjs.org/query-string/download/query-string-6.14.1.tgz#7ac2dca46da7f309449ba0f86b1fd28255b0c86a"
  integrity sha1-esLcpG2n8wlEm6D4ax/SglWwyGo=
  dependencies:
    decode-uri-component "^0.2.0"
    filter-obj "^1.1.0"
    split-on-first "^1.0.0"
    strict-uri-encode "^2.0.0"

regenerator-runtime@^0.13.4:
  version "0.13.7"
  resolved "https://r.cnpmjs.org/regenerator-runtime/download/regenerator-runtime-0.13.7.tgz#cac2dacc8a1ea675feaabaeb8ae833898ae46f55"
  integrity sha1-ysLazIoepnX+qrrriugziYrkb1U=

resolve-pathname@^3.0.0:
  version "3.0.0"
  resolved "https://r.cnpmjs.org/resolve-pathname/download/resolve-pathname-3.0.0.tgz#99d02224d3cf263689becbb393bc560313025dcd"
  integrity sha1-mdAiJNPPJjaJvsuzk7xWAxMCXc0=

rollup@^2.53.2:
  version "2.53.2"
  resolved "https://r.cnpmjs.org/rollup/download/rollup-2.53.2.tgz#3279f9bfba1fe446585560802e418c5fbcaefa51"
  integrity sha1-Mnn5v7of5EZYVWCALkGMX7yu+lE=
  optionalDependencies:
    fsevents "~2.3.2"

split-on-first@^1.0.0:
  version "1.1.0"
  resolved "https://r.cnpmjs.org/split-on-first/download/split-on-first-1.1.0.tgz#f610afeee3b12bce1d0c30425e76398b78249a5f"
  integrity sha1-9hCv7uOxK84dDDBCXnY5i3gkml8=

strict-uri-encode@^2.0.0:
  version "2.0.0"
  resolved "https://r.cnpmjs.org/strict-uri-encode/download/strict-uri-encode-2.0.0.tgz#b9c7330c7042862f6b142dc274bbcc5866ce3546"
  integrity sha1-ucczDHBChi9rFC3CdLvMWGbONUY=

tiny-invariant@^1.0.2:
  version "1.1.0"
  resolved "https://r.cnpmjs.org/tiny-invariant/download/tiny-invariant-1.1.0.tgz#634c5f8efdc27714b7f386c35e6760991d230875"
  integrity sha1-Y0xfjv3CdxS384bDXmdgmR0jCHU=

tiny-warning@^1.0.0:
  version "1.0.3"
  resolved "https://r.cnpmjs.org/tiny-warning/download/tiny-warning-1.0.3.tgz#94a30db453df4c643d0fd566060d60a875d84754"
  integrity sha1-lKMNtFPfTGQ9D9VmBg1gqHXYR1Q=

value-equal@^1.0.1:
  version "1.0.1"
  resolved "https://r.cnpmjs.org/value-equal/download/value-equal-1.0.1.tgz#1e0b794c734c5c0cade179c437d356d931a34d6c"
  integrity sha1-Hgt5THNMXAyt4XnEN9NW2TGjTWw=
